
Microsoft Visual Studio Solution File, Format Version 12.00
# Visual Studio 15
VisualStudioVersion = 15.0.28307.1525
MinimumVisualStudioVersion = 10.0.40219.1
Project("{8BC9CEB8-8B4A-11D0-8D11-00A0C91BC942}") = "qml", "qml\qml.vcxproj", "{18A8E285-D2E9-45D9-97A7-B6EA49A7CA2A}"
EndProject
Project("{8BC9CEB8-8B4A-11D0-8D11-00A0C91BC942}") = "test", "test\test.vcxproj", "{F37FCE8E-2984-4A31-BFC5-6E49D6965BD3}"
EndProject
Global
	GlobalSection(SolutionConfigurationPlatforms) = preSolution
		Debug_Win|x64 = Debug_Win|x64
		Debug|x64 = Debug|x64
		Release_Win|x64 = Release_Win|x64
		Release|x64 = Release|x64
	EndGlobalSection
	GlobalSection(ProjectConfigurationPlatforms) = postSolution
		{18A8E285-D2E9-45D9-97A7-B6EA49A7CA2A}.Debug_Win|x64.ActiveCfg = Debug|x64
		{18A8E285-D2E9-45D9-97A7-B6EA49A7CA2A}.Debug_Win|x64.Build.0 = Debug|x64
		{18A8E285-D2E9-45D9-97A7-B6EA49A7CA2A}.Debug|x64.ActiveCfg = Debug|x64
		{18A8E285-D2E9-45D9-97A7-B6EA49A7CA2A}.Debug|x64.Build.0 = Debug|x64
		{18A8E285-D2E9-45D9-97A7-B6EA49A7CA2A}.Release_Win|x64.ActiveCfg = Release|x64
		{18A8E285-D2E9-45D9-97A7-B6EA49A7CA2A}.Release_Win|x64.Build.0 = Release|x64
		{18A8E285-D2E9-45D9-97A7-B6EA49A7CA2A}.Release|x64.ActiveCfg = Release|x64
		{18A8E285-D2E9-45D9-97A7-B6EA49A7CA2A}.Release|x64.Build.0 = Release|x64
		{F37FCE8E-2984-4A31-BFC5-6E49D6965BD3}.Debug_Win|x64.ActiveCfg = Debug|x64
		{F37FCE8E-2984-4A31-BFC5-6E49D6965BD3}.Debug_Win|x64.Build.0 = Debug|x64
		{F37FCE8E-2984-4A31-BFC5-6E49D6965BD3}.Debug|x64.ActiveCfg = Debug|x64
		{F37FCE8E-2984-4A31-BFC5-6E49D6965BD3}.Debug|x64.Build.0 = Debug|x64
		{F37FCE8E-2984-4A31-BFC5-6E49D6965BD3}.Release_Win|x64.ActiveCfg = Release|x64
		{F37FCE8E-2984-4A31-BFC5-6E49D6965BD3}.Release_Win|x64.Build.0 = Release|x64
		{F37FCE8E-2984-4A31-BFC5-6E49D6965BD3}.Release|x64.ActiveCfg = Release|x64
		{F37FCE8E-2984-4A31-BFC5-6E49D6965BD3}.Release|x64.Build.0 = Release|x64
	EndGlobalSection
	GlobalSection(SolutionProperties) = preSolution
		HideSolutionNode = FALSE
	EndGlobalSection
	GlobalSection(ExtensibilityGlobals) = postSolution
		SolutionGuid = {4ABE71CE-6767-4422-BF84-1F7EF298013E}
	EndGlobalSection
EndGlobal
